
Microsoft Visual Studio Solution File, Format Version 12.00
# Visual Studio Version 17
VisualStudioVersion = 17.10.35122.118
MinimumVisualStudioVersion = 10.0.40219.1
Project("{FAE04EC0-301F-11D3-BF4B-00C04F79EFBC}") = "lib_Repositorio", "lib_Repositorio\lib_Repositorio.csproj", "{98B6CC20-CAB7-4C61-AF04-9E7E83B8BB30}"
EndProject
Project("{FAE04EC0-301F-11D3-BF4B-00C04F79EFBC}") = "lib_Entidades", "lib_Entidades\lib_Entidades.csproj", "{D1CA1AF9-F5A5-48E9-98F1-B85E23147D7A}"
EndProject
Global
	GlobalSection(SolutionConfigurationPlatforms) = preSolution
		Debug|Any CPU = Debug|Any CPU
		Release|Any CPU = Release|Any CPU
	EndGlobalSection
	GlobalSection(ProjectConfigurationPlatforms) = postSolution
		{98B6CC20-CAB7-4C61-AF04-9E7E83B8BB30}.Debug|Any CPU.ActiveCfg = Debug|Any CPU
		{98B6CC20-CAB7-4C61-AF04-9E7E83B8BB30}.Debug|Any CPU.Build.0 = Debug|Any CPU
		{98B6CC20-CAB7-4C61-AF04-9E7E83B8BB30}.Release|Any CPU.ActiveCfg = Release|Any CPU
		{98B6CC20-CAB7-4C61-AF04-9E7E83B8BB30}.Release|Any CPU.Build.0 = Release|Any CPU
		{D1CA1AF9-F5A5-48E9-98F1-B85E23147D7A}.Debug|Any CPU.ActiveCfg = Debug|Any CPU
		{D1CA1AF9-F5A5-48E9-98F1-B85E23147D7A}.Debug|Any CPU.Build.0 = Debug|Any CPU
		{D1CA1AF9-F5A5-48E9-98F1-B85E23147D7A}.Release|Any CPU.ActiveCfg = Release|Any CPU
		{D1CA1AF9-F5A5-48E9-98F1-B85E23147D7A}.Release|Any CPU.Build.0 = Release|Any CPU
	EndGlobalSection
	GlobalSection(SolutionProperties) = preSolution
		HideSolutionNode = FALSE
	EndGlobalSection
	GlobalSection(ExtensibilityGlobals) = postSolution
		SolutionGuid = {9DBAEBFF-96EE-4D84-9274-33EB5CD48F5E}
	EndGlobalSection
EndGlobal
